
Microsoft Visual Studio Solution File, Format Version 11.00
# Visual Studio 2010
Project("{8BC9CEB8-8B4A-11D0-8D11-00A0C91BC942}") = "四则运算器。", "四则运算器。\四则运算器。.vcxproj", "{54F506ED-A140-4ABA-B698-7C7E2165D88F}"
EndProject
Global
	GlobalSection(SolutionConfigurationPlatforms) = preSolution
		Debug|Win32 = Debug|Win32
		Release|Win32 = Release|Win32
	EndGlobalSection
	GlobalSection(ProjectConfigurationPlatforms) = postSolution
		{54F506ED-A140-4ABA-B698-7C7E2165D88F}.Debug|Win32.ActiveCfg = Debug|Win32
		{54F506ED-A140-4ABA-B698-7C7E2165D88F}.Debug|Win32.Build.0 = Debug|Win32
		{54F506ED-A140-4ABA-B698-7C7E2165D88F}.Release|Win32.ActiveCfg = Release|Win32
		{54F506ED-A140-4ABA-B698-7C7E2165D88F}.Release|Win32.Build.0 = Release|Win32
	EndGlobalSection
	GlobalSection(SolutionProperties) = preSolution
		HideSolutionNode = FALSE
	EndGlobalSection
EndGlobal
